
Microsoft Visual Studio Solution File, Format Version 12.00
# Visual Studio 15
VisualStudioVersion = 15.0.28307.168
MinimumVisualStudioVersion = 10.0.40219.1
Project("{FAE04EC0-301F-11D3-BF4B-00C04F79EFBC}") = "Modulschool", "MOdulschool\Modulschool.csproj", "{28A4C35E-6C2E-4314-BF5C-021E19193680}"
EndProject
Global
	GlobalSection(SolutionConfigurationPlatforms) = preSolution
		Debug|Any CPU = Debug|Any CPU
		Release|Any CPU = Release|Any CPU
	EndGlobalSection
	GlobalSection(ProjectConfigurationPlatforms) = postSolution
		{28A4C35E-6C2E-4314-BF5C-021E19193680}.Debug|Any CPU.ActiveCfg = Debug|Any CPU
		{28A4C35E-6C2E-4314-BF5C-021E19193680}.Debug|Any CPU.Build.0 = Debug|Any CPU
		{28A4C35E-6C2E-4314-BF5C-021E19193680}.Release|Any CPU.ActiveCfg = Release|Any CPU
		{28A4C35E-6C2E-4314-BF5C-021E19193680}.Release|Any CPU.Build.0 = Release|Any CPU
	EndGlobalSection
	GlobalSection(SolutionProperties) = preSolution
		HideSolutionNode = FALSE
	EndGlobalSection
	GlobalSection(ExtensibilityGlobals) = postSolution
		SolutionGuid = {60A2CA63-AA7D-46F6-A7AE-F6A94DEE843D}
	EndGlobalSection
EndGlobal
